
Microsoft Visual Studio Solution File, Format Version 12.00
# Visual Studio 15
VisualStudioVersion = 15.0.28010.2046
MinimumVisualStudioVersion = 10.0.40219.1
Project("{888888A0-9F3D-457C-B088-3A5042F75D52}") = "GEO", "GEO\GEO.pyproj", "{AA873355-83A3-4DB9-83B7-229AD1F1ACBB}"
EndProject
Global
	GlobalSection(SolutionConfigurationPlatforms) = preSolution
		Debug|Any CPU = Debug|Any CPU
		Release|Any CPU = Release|Any CPU
	EndGlobalSection
	GlobalSection(ProjectConfigurationPlatforms) = postSolution
		{AA873355-83A3-4DB9-83B7-229AD1F1ACBB}.Debug|Any CPU.ActiveCfg = Debug|Any CPU
		{AA873355-83A3-4DB9-83B7-229AD1F1ACBB}.Release|Any CPU.ActiveCfg = Release|Any CPU
	EndGlobalSection
	GlobalSection(SolutionProperties) = preSolution
		HideSolutionNode = FALSE
	EndGlobalSection
	GlobalSection(ExtensibilityGlobals) = postSolution
		SolutionGuid = {5A58529A-C0C9-405C-8EA6-A5B1539B8546}
	EndGlobalSection
EndGlobal
